// !$*UTF8*$!
{
	archiveVersion = 1;
	classes = {
	};
	objectVersion = 46;
	objects = {

/* Begin PBXBuildFile section */
		A1170B921F669966009F26F8 /* AppDelegate.swift in Sources */ = {isa = PBXBuildFile; fileRef = A1170B911F669966009F26F8 /* AppDelegate.swift */; };
		A1170B941F669966009F26F8 /* ViewController.swift in Sources */ = {isa = PBXBuildFile; fileRef = A1170B931F669966009F26F8 /* ViewController.swift */; };
		A1170B971F669966009F26F8 /* Main.storyboard in Resources */ = {isa = PBXBuildFile; fileRef = A1170B951F669966009F26F8 /* Main.storyboard */; };
		A1170B991F669966009F26F8 /* Assets.xcassets in Resources */ = {isa = PBXBuildFile; fileRef = A1170B981F669966009F26F8 /* Assets.xcassets */; };
		A1170B9C1F669966009F26F8 /* LaunchScreen.storyboard in Resources */ = {isa = PBXBuildFile; fileRef = A1170B9A1F669966009F26F8 /* LaunchScreen.storyboard */; };
		A1170BA71F669966009F26F8 /* AutomotiveAppTests.swift in Sources */ = {isa = PBXBuildFile; fileRef = A1170BA61F669966009F26F8 /* AutomotiveAppTests.swift */; };
		A1170BB21F669966009F26F8 /* AutomotiveAppUITests.swift in Sources */ = {isa = PBXBuildFile; fileRef = A1170BB11F669966009F26F8 /* AutomotiveAppUITests.swift */; };
/* End PBXBuildFile section */

/* Begin PBXContainerItemProxy section */
		A1170BA31F669966009F26F8 /* PBXContainerItemProxy */ = {
			isa = PBXContainerItemProxy;
			containerPortal = A1170B861F669966009F26F8 /* Project object */;
			proxyType = 1;
			remoteGlobalIDString = A1170B8D1F669966009F26F8;
			remoteInfo = AutomotiveApp;
		};
		A1170BAE1F669966009F26F8 /* PBXContainerItemProxy */ = {
			isa = PBXContainerItemProxy;
			containerPortal = A1170B861F669966009F26F8 /* Project object */;
			proxyType = 1;
			remoteGlobalIDString = A1170B8D1F669966009F26F8;
			remoteInfo = AutomotiveApp;
		};
/* End PBXContainerItemProxy section */

/* Begin PBXFileReference section */
		A1170B8E1F669966009F26F8 /* AutomotiveApp.app */ = {isa = PBXFileReference; explicitFileType = wrapper.application; includeInIndex = 0; path = AutomotiveApp.app; sourceTree = BUILT_PRODUCTS_DIR; };
		A1170B911F669966009F26F8 /* AppDelegate.swift */ = {isa = PBXFileReference; lastKnownFileType = sourcecode.swift; path = AppDelegate.swift; sourceTree = "<group>"; };
		A1170B931F669966009F26F8 /* ViewController.swift */ = {isa = PBXFileReference; lastKnownFileType = sourcecode.swift; path = ViewController.swift; sourceTree = "<group>"; };
		A1170B961F669966009F26F8 /* Base */ = {isa = PBXFileReference; lastKnownFileType = file.storyboard; name = Base; path = Base.lproj/Main.storyboard; sourceTree = "<group>"; };
		A1170B981F669966009F26F8 /* Assets.xcassets */ = {isa = PBXFileReference; lastKnownFileType = folder.assetcatalog; path = Assets.xcassets; sourceTree = "<group>"; };
		A1170B9B1F669966009F26F8 /* Base */ = {isa = PBXFileReference; lastKnownFileType = file.storyboard; name = Base; path = Base.lproj/LaunchScreen.storyboard; sourceTree = "<group>"; };
		A1170B9D1F669966009F26F8 /* Info.plist */ = {isa = PBXFileReference; lastKnownFileType = text.plist.xml; path = Info.plist; sourceTree = "<group>"; };
		A1170BA21F669966009F26F8 /* AutomotiveAppTests.xctest */ = {isa = PBXFileReference; explicitFileType = wrapper.cfbundle; includeInIndex = 0; path = AutomotiveAppTests.xctest; sourceTree = BUILT_PRODUCTS_DIR; };
		A1170BA61F669966009F26F8 /* AutomotiveAppTests.swift */ = {isa = PBXFileReference; lastKnownFileType = sourcecode.swift; path = AutomotiveAppTests.swift; sourceTree = "<group>"; };
		A1170BA81F669966009F26F8 /* Info.plist */ = {isa = PBXFileReference; lastKnownFileType = text.plist.xml; path = Info.plist; sourceTree = "<group>"; };
		A1170BAD1F669966009F26F8 /* AutomotiveAppUITests.xctest */ = {isa = PBXFileReference; explicitFileType = wrapper.cfbundle; includeInIndex = 0; path = AutomotiveAppUITests.xctest; sourceTree = BUILT_PRODUCTS_DIR; };
		A1170BB11F669966009F26F8 /* AutomotiveAppUITests.swift */ = {isa = PBXFileReference; lastKnownFileType = sourcecode.swift; path = AutomotiveAppUITests.swift; sourceTree = "<group>"; };
		A1170BB31F669966009F26F8 /* Info.plist */ = {isa = PBXFileReference; lastKnownFileType = text.plist.xml; path = Info.plist; sourceTree = "<group>"; };
/* End PBXFileReference section */

/* Begin PBXFrameworksBuildPhase section */
		A1170B8B1F669966009F26F8 /* Frameworks */ = {
			isa = PBXFrameworksBuildPhase;
			buildActionMask = 2147483647;
			files = (
			);
			runOnlyForDeploymentPostprocessing = 0;
		};
		A1170B9F1F669966009F26F8 /* Frameworks */ = {
			isa = PBXFrameworksBuildPhase;
			buildActionMask = 2147483647;
			files = (
			);
			runOnlyForDeploymentPostprocessing = 0;
		};
		A1170BAA1F669966009F26F8 /* Frameworks */ = {
			isa = PBXFrameworksBuildPhase;
			buildActionMask = 2147483647;
			files = (
			);
			runOnlyForDeploymentPostprocessing = 0;
		};
/* End PBXFrameworksBuildPhase section */

/* Begin PBXGroup section */
		A1170B851F669966009F26F8 = {
			isa = PBXGroup;
			children = (
				A1170B901F669966009F26F8 /* AutomotiveApp */,
				A1170BA51F669966009F26F8 /* AutomotiveAppTests */,
				A1170BB01F669966009F26F8 /* AutomotiveAppUITests */,
				A1170B8F1F669966009F26F8 /* Products */,
			);
			sourceTree = "<group>";
		};
		A1170B8F1F669966009F26F8 /* Products */ = {
			isa = PBXGroup;
			children = (
				A1170B8E1F669966009F26F8 /* AutomotiveApp.app */,
				A1170BA21F669966009F26F8 /* AutomotiveAppTests.xctest */,
				A1170BAD1F669966009F26F8 /* AutomotiveAppUITests.xctest */,
			);
			name = Products;
			sourceTree = "<group>";
		};
		A1170B901F669966009F26F8 /* AutomotiveApp */ = {
			isa = PBXGroup;
			children = (
				A1170B911F669966009F26F8 /* AppDelegate.swift */,
				A1170B931F669966009F26F8 /* ViewController.swift */,
				A1170B951F669966009F26F8 /* Main.storyboard */,
				A1170B981F669966009F26F8 /* Assets.xcassets */,
				A1170B9A1F669966009F26F8 /* LaunchScreen.storyboard */,
				A1170B9D1F669966009F26F8 /* Info.plist */,
			);
			path = AutomotiveApp;
			sourceTree = "<group>";
		};
		A1170BA51F669966009F26F8 /* AutomotiveAppTests */ = {
			isa = PBXGroup;
			children = (
				A1170BA61F669966009F26F8 /* AutomotiveAppTests.swift */,
				A1170BA81F669966009F26F8 /* Info.plist */,
			);
			path = AutomotiveAppTests;
			sourceTree = "<group>";
		};
		A1170BB01F669966009F26F8 /* AutomotiveAppUITests */ = {
			isa = PBXGroup;
			children = (
				A1170BB11F669966009F26F8 /* AutomotiveAppUITests.swift */,
				A1170BB31F669966009F26F8 /* Info.plist */,
			);
			path = AutomotiveAppUITests;
			sourceTree = "<group>";
		};
/* End PBXGroup section */

/* Begin PBXNativeTarget section */
		A1170B8D1F669966009F26F8 /* AutomotiveApp */ = {
			isa = PBXNativeTarget;
			buildConfigurationList = A1170BB61F669966009F26F8 /* Build configuration list for PBXNativeTarget "AutomotiveApp" */;
			buildPhases = (
				A1170B8A1F669966009F26F8 /* Sources */,
				A1170B8B1F669966009F26F8 /* Frameworks */,
				A1170B8C1F669966009F26F8 /* Resources */,
			);
			buildRules = (
			);
			dependencies = (
			);
			name = AutomotiveApp;
			productName = AutomotiveApp;
			productReference = A1170B8E1F669966009F26F8 /* AutomotiveApp.app */;
			productType = "com.apple.product-type.application";
		};
		A1170BA11F669966009F26F8 /* AutomotiveAppTests */ = {
			isa = PBXNativeTarget;
			buildConfigurationList = A1170BB91F669966009F26F8 /* Build configuration list for PBXNativeTarget "AutomotiveAppTests" */;
			buildPhases = (
				A1170B9E1F669966009F26F8 /* Sources */,
				A1170B9F1F669966009F26F8 /* Frameworks */,
				A1170BA01F669966009F26F8 /* Resources */,
			);
			buildRules = (
			);
			dependencies = (
				A1170BA41F669966009F26F8 /* PBXTargetDependency */,
			);
			name = AutomotiveAppTests;
			productName = AutomotiveAppTests;
			productReference = A1170BA21F669966009F26F8 /* AutomotiveAppTests.xctest */;
			productType = "com.apple.product-type.bundle.unit-test";
		};
		A1170BAC1F669966009F26F8 /* AutomotiveAppUITests */ = {
			isa = PBXNativeTarget;
			buildConfigurationList = A1170BBC1F669966009F26F8 /* Build configuration list for PBXNativeTarget "AutomotiveAppUITests" */;
			buildPhases = (
				A1170BA91F669966009F26F8 /* Sources */,
				A1170BAA1F669966009F26F8 /* Frameworks */,
				A1170BAB1F669966009F26F8 /* Resources */,
			);
			buildRules = (
			);
			dependencies = (
				A1170BAF1F669966009F26F8 /* PBXTargetDependency */,
			);
			name = AutomotiveAppUITests;
			productName = AutomotiveAppUITests;
			productReference = A1170BAD1F669966009F26F8 /* AutomotiveAppUITests.xctest */;
			productType = "com.apple.product-type.bundle.ui-testing";
		};
/* End PBXNativeTarget section */

/* Begin PBXProject section */
		A1170B861F669966009F26F8 /* Project object */ = {
			isa = PBXProject;
			attributes = {
				LastSwiftUpdateCheck = 0830;
				LastUpgradeCheck = 0830;
				ORGANIZATIONNAME = Vijayalakshmi;
				TargetAttributes = {
					A1170B8D1F669966009F26F8 = {
						CreatedOnToolsVersion = 8.3.3;
						ProvisioningStyle = Automatic;
					};
					A1170BA11F669966009F26F8 = {
						CreatedOnToolsVersion = 8.3.3;
						ProvisioningStyle = Automatic;
						TestTargetID = A1170B8D1F669966009F26F8;
					};
					A1170BAC1F669966009F26F8 = {
						CreatedOnToolsVersion = 8.3.3;
						ProvisioningStyle = Automatic;
						TestTargetID = A1170B8D1F669966009F26F8;
					};
				};
			};
			buildConfigurationList = A1170B891F669966009F26F8 /* Build configuration list for PBXProject "AutomotiveApp" */;
			compatibilityVersion = "Xcode 3.2";
			developmentRegion = English;
			hasScannedForEncodings = 0;
			knownRegions = (
				en,
				Base,
			);
			mainGroup = A1170B851F669966009F26F8;
			productRefGroup = A1170B8F1F669966009F26F8 /* Products */;
			projectDirPath = "";
			projectRoot = "";
			targets = (
				A1170B8D1F669966009F26F8 /* AutomotiveApp */,
				A1170BA11F669966009F26F8 /* AutomotiveAppTests */,
				A1170BAC1F669966009F26F8 /* AutomotiveAppUITests */,
			);
		};
/* End PBXProject section */

/* Begin PBXResourcesBuildPhase section */
		A1170B8C1F669966009F26F8 /* Resources */ = {
			isa = PBXResourcesBuildPhase;
			buildActionMask = 2147483647;
			files = (
				A1170B9C1F669966009F26F8 /* LaunchScreen.storyboard in Resources */,
				A1170B991F669966009F26F8 /* Assets.xcassets in Resources */,
				A1170B971F669966009F26F8 /* Main.storyboard in Resources */,
			);
			runOnlyForDeploymentPostprocessing = 0;
		};
		A1170BA01F669966009F26F8 /* Resources */ = {
			isa = PBXResourcesBuildPhase;
			buildActionMask = 2147483647;
			files = (
			);
			runOnlyForDeploymentPostprocessing = 0;
		};
		A1170BAB1F669966009F26F8 /* Resources */ = {
			isa = PBXResourcesBuildPhase;
			buildActionMask = 2147483647;
			files = (
			);
			runOnlyForDeploymentPostprocessing = 0;
		};
/* End PBXResourcesBuildPhase section */

/* Begin PBXSourcesBuildPhase section */
		A1170B8A1F669966009F26F8 /* Sources */ = {
			isa = PBXSourcesBuildPhase;
			buildActionMask = 2147483647;
			files = (
				A1170B941F669966009F26F8 /* ViewController.swift in Sources */,
				A1170B921F669966009F26F8 /* AppDelegate.swift in Sources */,
			);
			runOnlyForDeploymentPostprocessing = 0;
		};
		A1170B9E1F669966009F26F8 /* Sources */ = {
			isa = PBXSourcesBuildPhase;
			buildActionMask = 2147483647;
			files = (
				A1170BA71F669966009F26F8 /* AutomotiveAppTests.swift in Sources */,
			);
			runOnlyForDeploymentPostprocessing = 0;
		};
		A1170BA91F669966009F26F8 /* Sources */ = {
			isa = PBXSourcesBuildPhase;
			buildActionMask = 2147483647;
			files = (
				A1170BB21F669966009F26F8 /* AutomotiveAppUITests.swift in Sources */,
			);
			runOnlyForDeploymentPostprocessing = 0;
		};
/* End PBXSourcesBuildPhase section */

/* Begin PBXTargetDependency section */
		A1170BA41F669966009F26F8 /* PBXTargetDependency */ = {
			isa = PBXTargetDependency;
			target = A1170B8D1F669966009F26F8 /* AutomotiveApp */;
			targetProxy = A1170BA31F669966009F26F8 /* PBXContainerItemProxy */;
		};
		A1170BAF1F669966009F26F8 /* PBXTargetDependency */ = {
			isa = PBXTargetDependency;
			target = A1170B8D1F669966009F26F8 /* AutomotiveApp */;
			targetProxy = A1170BAE1F669966009F26F8 /* PBXContainerItemProxy */;
		};
/* End PBXTargetDependency section */

/* Begin PBXVariantGroup section */
		A1170B951F669966009F26F8 /* Main.storyboard */ = {
			isa = PBXVariantGroup;
			children = (
				A1170B961F669966009F26F8 /* Base */,
			);
			name = Main.storyboard;
			sourceTree = "<group>";
		};
		A1170B9A1F669966009F26F8 /* LaunchScreen.storyboard */ = {
			isa = PBXVariantGroup;
			children = (
				A1170B9B1F669966009F26F8 /* Base */,
			);
			name = LaunchScreen.storyboard;
			sourceTree = "<group>";
		};
/* End PBXVariantGroup section */

/* Begin XCBuildConfiguration section */
		A1170BB41F669966009F26F8 /* Debug */ = {
			isa = XCBuildConfiguration;
			buildSettings = {
				ALWAYS_SEARCH_USER_PATHS = NO;
				CLANG_ANALYZER_NONNULL = YES;
				CLANG_ANALYZER_NUMBER_OBJECT_CONVERSION = YES_AGGRESSIVE;
				CLANG_CXX_LANGUAGE_STANDARD = "gnu++0x";
				CLANG_CXX_LIBRARY = "libc++";
				CLANG_ENABLE_MODULES = YES;
				CLANG_ENABLE_OBJC_ARC = YES;
				CLANG_WARN_BOOL_CONVERSION = YES;
				CLANG_WARN_CONSTANT_CONVERSION = YES;
				CLANG_WARN_DIRECT_OBJC_ISA_USAGE = YES_ERROR;
				CLANG_WARN_DOCUMENTATION_COMMENTS = YES;
				CLANG_WARN_EMPTY_BODY = YES;
				CLANG_WARN_ENUM_CONVERSION = YES;
				CLANG_WARN_INFINITE_RECURSION = YES;
				CLANG_WARN_INT_CONVERSION = YES;
				CLANG_WARN_OBJC_ROOT_CLASS = YES_ERROR;
				CLANG_WARN_SUSPICIOUS_MOVE = YES;
				CLANG_WARN_UNREACHABLE_CODE = YES;
				CLANG_WARN__DUPLICATE_METHOD_MATCH = YES;
				"CODE_SIGN_IDENTITY[sdk=iphoneos*]" = "iPhone Developer";
				COPY_PHASE_STRIP = NO;
				DEBUG_INFORMATION_FORMAT = dwarf;
				ENABLE_STRICT_OBJC_MSGSEND = YES;
				ENABLE_TESTABILITY = YES;
				GCC_C_LANGUAGE_STANDARD = gnu99;
				GCC_DYNAMIC_NO_PIC = NO;
				GCC_NO_COMMON_BLOCKS = YES;
				GCC_OPTIMIZATION_LEVEL = 0;
				GCC_PREPROCESSOR_DEFINITIONS = (
					"DEBUG=1",
					"$(inherited)",
				);
				GCC_WARN_64_TO_32_BIT_CONVERSION = YES;
				GCC_WARN_ABOUT_RETURN_TYPE = YES_ERROR;
				GCC_WARN_UNDECLARED_SELECTOR = YES;
				GCC_WARN_UNINITIALIZED_AUTOS = YES_AGGRESSIVE;
				GCC_WARN_UNUSED_FUNCTION = YES;
				GCC_WARN_UNUSED_VARIABLE = YES;
				IPHONEOS_DEPLOYMENT_TARGET = 10.3;
				MTL_ENABLE_DEBUG_INFO = YES;
				ONLY_ACTIVE_ARCH = YES;
				SDKROOT = iphoneos;
				SWIFT_ACTIVE_COMPILATION_CONDITIONS = DEBUG;
				SWIFT_OPTIMIZATION_LEVEL = "-Onone";
			};
			name = Debug;
		};
		A1170BB51F669966009F26F8 /* Release */ = {
			isa = XCBuildConfiguration;
			buildSettings = {
				ALWAYS_SEARCH_USER_PATHS = NO;
				CLANG_ANALYZER_NONNULL = YES;
				CLANG_ANALYZER_NUMBER_OBJECT_CONVERSION = YES_AGGRESSIVE;
				CLANG_CXX_LANGUAGE_STANDARD = "gnu++0x";
				CLANG_CXX_LIBRARY = "libc++";
				CLANG_ENABLE_MODULES = YES;
				CLANG_ENABLE_OBJC_ARC = YES;
				CLANG_WARN_BOOL_CONVERSION = YES;
				CLANG_WARN_CONSTANT_CONVERSION = YES;
				CLANG_WARN_DIRECT_OBJC_ISA_USAGE = YES_ERROR;
				CLANG_WARN_DOCUMENTATION_COMMENTS = YES;
				CLANG_WARN_EMPTY_BODY = YES;
				CLANG_WARN_ENUM_CONVERSION = YES;
				CLANG_WARN_INFINITE_RECURSION = YES;
				CLANG_WARN_INT_CONVERSION = YES;
				CLANG_WARN_OBJC_ROOT_CLASS = YES_ERROR;
				CLANG_WARN_SUSPICIOUS_MOVE = YES;
				CLANG_WARN_UNREACHABLE_CODE = YES;
				CLANG_WARN__DUPLICATE_METHOD_MATCH = YES;
				"CODE_SIGN_IDENTITY[sdk=iphoneos*]" = "iPhone Developer";
				COPY_PHASE_STRIP = NO;
				DEBUG_INFORMATION_FORMAT = "dwarf-with-dsym";
				ENABLE_NS_ASSERTIONS = NO;
				ENABLE_STRICT_OBJC_MSGSEND = YES;
				GCC_C_LANGUAGE_STANDARD = gnu99;
				GCC_NO_COMMON_BLOCKS = YES;
				GCC_WARN_64_TO_32_BIT_CONVERSION = YES;
				GCC_WARN_ABOUT_RETURN_TYPE = YES_ERROR;
				GCC_WARN_UNDECLARED_SELECTOR = YES;
				GCC_WARN_UNINITIALIZED_AUTOS = YES_AGGRESSIVE;
				GCC_WARN_UNUSED_FUNCTION = YES;
				GCC_WARN_UNUSED_VARIABLE = YES;
				IPHONEOS_DEPLOYMENT_TARGET = 10.3;
				MTL_ENABLE_DEBUG_INFO = NO;
				SDKROOT = iphoneos;
				SWIFT_OPTIMIZATION_LEVEL = "-Owholemodule";
				VALIDATE_PRODUCT = YES;
			};
			name = Release;
		};
		A1170BB71F669966009F26F8 /* Debug */ = {
			isa = XCBuildConfiguration;
			buildSettings = {
				ASSETCATALOG_COMPILER_APPICON_NAME = AppIcon;
				INFOPLIST_FILE = AutomotiveApp/Info.plist;
				LD_RUNPATH_SEARCH_PATHS = "$(inherited) @executable_path/Frameworks";
				PRODUCT_BUNDLE_IDENTIFIER = atmaja.AutomotiveApp;
				PRODUCT_NAME = "$(TARGET_NAME)";
				SWIFT_VERSION = 3.0;
			};
			name = Debug;
		};
		A1170BB81F669966009F26F8 /* Release */ = {
			isa = XCBuildConfiguration;
			buildSettings = {
				ASSETCATALOG_COMPILER_APPICON_NAME = AppIcon;
				INFOPLIST_FILE = AutomotiveApp/Info.plist;
				LD_RUNPATH_SEARCH_PATHS = "$(inherited) @executable_path/Frameworks";
				PRODUCT_BUNDLE_IDENTIFIER = atmaja.AutomotiveApp;
				PRODUCT_NAME = "$(TARGET_NAME)";
				SWIFT_VERSION = 3.0;
			};
			name = Release;
		};
		A1170BBA1F669966009F26F8 /* Debug */ = {
			isa = XCBuildConfiguration;
			buildSettings = {
				ALWAYS_EMBED_SWIFT_STANDARD_LIBRARIES = YES;
				BUNDLE_LOADER = "$(TEST_HOST)";
				INFOPLIST_FILE = AutomotiveAppTests/Info.plist;
				LD_RUNPATH_SEARCH_PATHS = "$(inherited) @executable_path/Frameworks @loader_path/Frameworks";
				PRODUCT_BUNDLE_IDENTIFIER = atmaja.AutomotiveAppTests;
				PRODUCT_NAME = "$(TARGET_NAME)";
				SWIFT_VERSION = 3.0;
				TEST_HOST = "$(BUILT_PRODUCTS_DIR)/AutomotiveApp.app/AutomotiveApp";
			};
			name = Debug;
		};
		A1170BBB1F669966009F26F8 /* Release */ = {
			isa = XCBuildConfiguration;
			buildSettings = {
				ALWAYS_EMBED_SWIFT_STANDARD_LIBRARIES = YES;
				BUNDLE_LOADER = "$(TEST_HOST)";
				INFOPLIST_FILE = AutomotiveAppTests/Info.plist;
				LD_RUNPATH_SEARCH_PATHS = "$(inherited) @executable_path/Frameworks @loader_path/Frameworks";
				PRODUCT_BUNDLE_IDENTIFIER = atmaja.AutomotiveAppTests;
				PRODUCT_NAME = "$(TARGET_NAME)";
				SWIFT_VERSION = 3.0;
				TEST_HOST = "$(BUILT_PRODUCTS_DIR)/AutomotiveApp.app/AutomotiveApp";
			};
			name = Release;
		};
		A1170BBD1F669966009F26F8 /* Debug */ = {
			isa = XCBuildConfiguration;
			buildSettings = {
				ALWAYS_EMBED_SWIFT_STANDARD_LIBRARIES = YES;
				INFOPLIST_FILE = AutomotiveAppUITests/Info.plist;
				LD_RUNPATH_SEARCH_PATHS = "$(inherited) @executable_path/Frameworks @loader_path/Frameworks";
				PRODUCT_BUNDLE_IDENTIFIER = atmaja.AutomotiveAppUITests;
				PRODUCT_NAME = "$(TARGET_NAME)";
				SWIFT_VERSION = 3.0;
				TEST_TARGET_NAME = AutomotiveApp;
			};
			name = Debug;
		};
		A1170BBE1F669966009F26F8 /* Release */ = {
			isa = XCBuildConfiguration;
			buildSettings = {
				ALWAYS_EMBED_SWIFT_STANDARD_LIBRARIES = YES;
				INFOPLIST_FILE = AutomotiveAppUITests/Info.plist;
				LD_RUNPATH_SEARCH_PATHS = "$(inherited) @executable_path/Frameworks @loader_path/Frameworks";
				PRODUCT_BUNDLE_IDENTIFIER = atmaja.AutomotiveAppUITests;
				PRODUCT_NAME = "$(TARGET_NAME)";
				SWIFT_VERSION = 3.0;
				TEST_TARGET_NAME = AutomotiveApp;
			};
			name = Release;
		};
/* End XCBuildConfiguration section */

/* Begin XCConfigurationList section */
		A1170B891F669966009F26F8 /* Build configuration list for PBXProject "AutomotiveApp" */ = {
			isa = XCConfigurationList;
			buildConfigurations = (
				A1170BB41F669966009F26F8 /* Debug */,
				A1170BB51F669966009F26F8 /* Release */,
			);
			defaultConfigurationIsVisible = 0;
			defaultConfigurationName = Release;
		};
		A1170BB61F669966009F26F8 /* Build configuration list for PBXNativeTarget "AutomotiveApp" */ = {
			isa = XCConfigurationList;
			buildConfigurations = (
				A1170BB71F669966009F26F8 /* Debug */,
				A1170BB81F669966009F26F8 /* Release */,
			);
			defaultConfigurationIsVisible = 0;
		};
		A1170BB91F669966009F26F8 /* Build configuration list for PBXNativeTarget "AutomotiveAppTests" */ = {
			isa = XCConfigurationList;
			buildConfigurations = (
				A1170BBA1F669966009F26F8 /* Debug */,
				A1170BBB1F669966009F26F8 /* Release */,
			);
			defaultConfigurationIsVisible = 0;
		};
		A1170BBC1F669966009F26F8 /* Build configuration list for PBXNativeTarget "AutomotiveAppUITests" */ = {
			isa = XCConfigurationList;
			buildConfigurations = (
				A1170BBD1F669966009F26F8 /* Debug */,
				A1170BBE1F669966009F26F8 /* Release */,
			);
			defaultConfigurationIsVisible = 0;
		};
/* End XCConfigurationList section */
	};
	rootObject = A1170B861F669966009F26F8 /* Project object */;
}
